{
    "version": 3,
    "terraform_version": "0.11.3",
    "serial": 3,
    "lineage": "4a0ed06d-9e90-4218-8c46-db9762ee7040",
    "modules": [
        {
            "path": [
                "root"
            ],
            "outputs": {},
            "resources": {
                "aws_ebs_volume.zfs-volume": {
                    "type": "aws_ebs_volume",
                    "depends_on": [],
                    "primary": {
                        "id": "vol-01716aa9f05fd4c01",
                        "attributes": {
                            "arn": "arn:aws:ec2:eu-west-2:322927660859:volume/vol-01716aa9f05fd4c01",
                            "availability_zone": "eu-west-2b",
                            "encrypted": "false",
                            "id": "vol-01716aa9f05fd4c01",
                            "size": "100",
                            "snapshot_id": "snap-0db393782bca101a2",
                            "tags.%": "0",
                            "type": "gp2"
                        },
                        "meta": {},
                        "tainted": false
                    },
                    "deposed": [],
                    "provider": "provider.aws"
                },
                "aws_key_pair.ssh-key": {
                    "type": "aws_key_pair",
                    "depends_on": [],
                    "primary": {
                        "id": "bhughes",
                        "attributes": {
                            "fingerprint": "72:1f:5d:8e:9d:e4:48:da:48:bb:06:ce:bf:85:51:c9",
                            "id": "bhughes",
                            "key_name": "bhughes",
                            "public_key": "ssh-rsa AAAAB3NzaC1yc2EAAAADAQABAAABAQCkKNzTkDTWwnQbM/q5JzWSo9ZZ4m056bhXqgXGI9UPWqyvmR7ZirS2aE8Bza+2XTSAT4SCS6OGfMAu5TylOX8d0B/ngzoZ0iQC7Rdjp0NNq391XpLj9/6PqAue8GPVd712nVHuy92TBW8wmappIWuPyWOtlFpuHy4XD2GsELEEZdfcUekijBMjXlBgHhFBQVjZx+65WiZCvzuYgntV9MyGSuGnJj39MA9mQUqBL54fVSuHQnMSqGSC63pXaxEvtMfdwrEEeIntYcNmhiPCN0C4H4/zC/gwPezqrgtinBq2UOI7W08sq8H5Xurw9erSC/I0nHemwMI5BgzNHUoGuJaz bhughes"
                        },
                        "meta": {
                            "schema_version": "1"
                        },
                        "tainted": false
                    },
                    "deposed": [],
                    "provider": "provider.aws"
                },
                "aws_security_group.poudriere": {
                    "type": "aws_security_group",
                    "depends_on": [
                        "data.aws_vpc.default"
                    ],
                    "primary": {
                        "id": "sg-0cfbcc9b3db4f3b73",
                        "attributes": {
                            "description": "Allow SSH/HTTP from the internet",
                            "egress.#": "0",
                            "id": "sg-0cfbcc9b3db4f3b73",
                            "ingress.#": "4",
                            "ingress.1010096078.cidr_blocks.#": "0",
                            "ingress.1010096078.description": "",
                            "ingress.1010096078.from_port": "22",
                            "ingress.1010096078.ipv6_cidr_blocks.#": "1",
                            "ingress.1010096078.ipv6_cidr_blocks.0": "::/0",
                            "ingress.1010096078.protocol": "tcp",
                            "ingress.1010096078.security_groups.#": "0",
                            "ingress.1010096078.self": "false",
                            "ingress.1010096078.to_port": "22",
                            "ingress.2214680975.cidr_blocks.#": "1",
                            "ingress.2214680975.cidr_blocks.0": "0.0.0.0/0",
                            "ingress.2214680975.description": "",
                            "ingress.2214680975.from_port": "80",
                            "ingress.2214680975.ipv6_cidr_blocks.#": "0",
                            "ingress.2214680975.protocol": "tcp",
                            "ingress.2214680975.security_groups.#": "0",
                            "ingress.2214680975.self": "false",
                            "ingress.2214680975.to_port": "80",
                            "ingress.2541437006.cidr_blocks.#": "1",
                            "ingress.2541437006.cidr_blocks.0": "0.0.0.0/0",
                            "ingress.2541437006.description": "",
                            "ingress.2541437006.from_port": "22",
                            "ingress.2541437006.ipv6_cidr_blocks.#": "0",
                            "ingress.2541437006.protocol": "tcp",
                            "ingress.2541437006.security_groups.#": "0",
                            "ingress.2541437006.self": "false",
                            "ingress.2541437006.to_port": "22",
                            "ingress.4051041281.cidr_blocks.#": "0",
                            "ingress.4051041281.description": "",
                            "ingress.4051041281.from_port": "80",
                            "ingress.4051041281.ipv6_cidr_blocks.#": "1",
                            "ingress.4051041281.ipv6_cidr_blocks.0": "::/0",
                            "ingress.4051041281.protocol": "tcp",
                            "ingress.4051041281.security_groups.#": "0",
                            "ingress.4051041281.self": "false",
                            "ingress.4051041281.to_port": "80",
                            "name": "poudriere",
                            "owner_id": "322927660859",
                            "revoke_rules_on_delete": "false",
                            "tags.%": "0",
                            "vpc_id": "vpc-620dc60b"
                        },
                        "meta": {
                            "schema_version": "1"
                        },
                        "tainted": false
                    },
                    "deposed": [],
                    "provider": "provider.aws"
                },
                "data.aws_vpc.default": {
                    "type": "aws_vpc",
                    "depends_on": [],
                    "primary": {
                        "id": "vpc-620dc60b",
                        "attributes": {
                            "cidr_block": "172.31.0.0/16",
                            "default": "true",
                            "dhcp_options_id": "dopt-2b914442",
                            "enable_dns_hostnames": "true",
                            "enable_dns_support": "true",
                            "id": "vpc-620dc60b",
                            "instance_tenancy": "default",
                            "ipv6_association_id": "vpc-cidr-assoc-25b5084c",
                            "ipv6_cidr_block": "2a05:d01c:585:7e00::/56",
                            "state": "available",
                            "tags.%": "0"
                        },
                        "meta": {},
                        "tainted": false
                    },
                    "deposed": [],
                    "provider": "provider.aws"
                }
            },
            "depends_on": []
        }
    ]
}
