{
    "version": 3,
    "terraform_version": "0.11.3",
    "serial": 2,
    "lineage": "4a0ed06d-9e90-4218-8c46-db9762ee7040",
    "modules": [
        {
            "path": [
                "root"
            ],
            "outputs": {},
            "resources": {
                "aws_ebs_volume.zfs-volume": {
                    "type": "aws_ebs_volume",
                    "depends_on": [],
                    "primary": {
                        "id": "vol-01716aa9f05fd4c01",
                        "attributes": {
                            "arn": "arn:aws:ec2:eu-west-2:322927660859:volume/vol-01716aa9f05fd4c01",
                            "availability_zone": "eu-west-2b",
                            "encrypted": "false",
                            "id": "vol-01716aa9f05fd4c01",
                            "size": "100",
                            "snapshot_id": "snap-0db393782bca101a2",
                            "tags.%": "0",
                            "type": "gp2"
                        },
                        "meta": {},
                        "tainted": false
                    },
                    "deposed": [],
                    "provider": "provider.aws"
                },
                "aws_key_pair.ssh-key": {
                    "type": "aws_key_pair",
                    "depends_on": [],
                    "primary": {
                        "id": "bhughes",
                        "attributes": {
                            "fingerprint": "72:1f:5d:8e:9d:e4:48:da:48:bb:06:ce:bf:85:51:c9",
                            "id": "bhughes",
                            "key_name": "bhughes",
                            "public_key": "ssh-rsa AAAAB3NzaC1yc2EAAAADAQABAAABAQCkKNzTkDTWwnQbM/q5JzWSo9ZZ4m056bhXqgXGI9UPWqyvmR7ZirS2aE8Bza+2XTSAT4SCS6OGfMAu5TylOX8d0B/ngzoZ0iQC7Rdjp0NNq391XpLj9/6PqAue8GPVd712nVHuy92TBW8wmappIWuPyWOtlFpuHy4XD2GsELEEZdfcUekijBMjXlBgHhFBQVjZx+65WiZCvzuYgntV9MyGSuGnJj39MA9mQUqBL54fVSuHQnMSqGSC63pXaxEvtMfdwrEEeIntYcNmhiPCN0C4H4/zC/gwPezqrgtinBq2UOI7W08sq8H5Xurw9erSC/I0nHemwMI5BgzNHUoGuJaz bhughes"
                        },
                        "meta": {
                            "schema_version": "1"
                        },
                        "tainted": false
                    },
                    "deposed": [],
                    "provider": "provider.aws"
                }
            },
            "depends_on": []
        }
    ]
}
